
Microsoft Visual Studio Solution File, Format Version 12.00
# Visual Studio Version 17
VisualStudioVersion = 17.11.35222.181
MinimumVisualStudioVersion = 10.0.40219.1
Project("{FAE04EC0-301F-11D3-BF4B-00C04F79EFBC}") = "ShotgunRefractored", "ShotgunRefractored\ShotgunRefractored.csproj", "{09AA0C22-D654-46AA-BA4D-73CDEED10D93}"
EndProject
Global
	GlobalSection(SolutionConfigurationPlatforms) = preSolution
		Debug|Any CPU = Debug|Any CPU
		Release|Any CPU = Release|Any CPU
	EndGlobalSection
	GlobalSection(ProjectConfigurationPlatforms) = postSolution
		{09AA0C22-D654-46AA-BA4D-73CDEED10D93}.Debug|Any CPU.ActiveCfg = Debug|Any CPU
		{09AA0C22-D654-46AA-BA4D-73CDEED10D93}.Debug|Any CPU.Build.0 = Debug|Any CPU
		{09AA0C22-D654-46AA-BA4D-73CDEED10D93}.Release|Any CPU.ActiveCfg = Release|Any CPU
		{09AA0C22-D654-46AA-BA4D-73CDEED10D93}.Release|Any CPU.Build.0 = Release|Any CPU
	EndGlobalSection
	GlobalSection(SolutionProperties) = preSolution
		HideSolutionNode = FALSE
	EndGlobalSection
	GlobalSection(ExtensibilityGlobals) = postSolution
		SolutionGuid = {30A0B4E8-16F0-4287-80D1-3C16CD6EE40D}
	EndGlobalSection
EndGlobal
